
Microsoft Visual Studio Solution File, Format Version 12.00
# Visual Studio 15
VisualStudioVersion = 15.0.26730.16
MinimumVisualStudioVersion = 10.0.40219.1
Project("{FAE04EC0-301F-11D3-BF4B-00C04F79EFBC}") = "01.-Маx-Sequence-of-Equal-Elements", "01.-Маx-Sequence-of-Equal-Elements\01.-Маx-Sequence-of-Equal-Elements.csproj", "{F6B1CECC-DBF6-4221-9662-24F326EE65A7}"
EndProject
Project("{FAE04EC0-301F-11D3-BF4B-00C04F79EFBC}") = "02.-Change-List", "02.-Change-List\02.-Change-List.csproj", "{40BF279D-1A83-49B8-94EF-25E2AD57EF20}"
EndProject
Project("{FAE04EC0-301F-11D3-BF4B-00C04F79EFBC}") = "03.Search-for-a-Number", "03.Search-for-a-Number\03.Search-for-a-Number.csproj", "{0B4FF086-3346-43B9-B39A-016A754FEB64}"
EndProject
Project("{FAE04EC0-301F-11D3-BF4B-00C04F79EFBC}") = "05.-Array-Manipulator", "05.-Array-Manipulator\05.-Array-Manipulator.csproj", "{C3EBEB62-F157-4686-9479-4A86E1C51387}"
EndProject
Project("{FAE04EC0-301F-11D3-BF4B-00C04F79EFBC}") = "06.-Sum-Reversed-Numbers", "06.-Sum-Reversed-Numbers\06.-Sum-Reversed-Numbers.csproj", "{9958B17F-F648-4E18-8C82-E75D92CAC714}"
EndProject
Project("{FAE04EC0-301F-11D3-BF4B-00C04F79EFBC}") = "07.Bomb-Numbers", "07.Bomb-Numbers\07.Bomb-Numbers.csproj", "{F061EFFD-0730-4C26-9F71-1892738B53A0}"
EndProject
Global
	GlobalSection(SolutionConfigurationPlatforms) = preSolution
		Debug|Any CPU = Debug|Any CPU
		Release|Any CPU = Release|Any CPU
	EndGlobalSection
	GlobalSection(ProjectConfigurationPlatforms) = postSolution
		{F6B1CECC-DBF6-4221-9662-24F326EE65A7}.Debug|Any CPU.ActiveCfg = Debug|Any CPU
		{F6B1CECC-DBF6-4221-9662-24F326EE65A7}.Debug|Any CPU.Build.0 = Debug|Any CPU
		{F6B1CECC-DBF6-4221-9662-24F326EE65A7}.Release|Any CPU.ActiveCfg = Release|Any CPU
		{F6B1CECC-DBF6-4221-9662-24F326EE65A7}.Release|Any CPU.Build.0 = Release|Any CPU
		{40BF279D-1A83-49B8-94EF-25E2AD57EF20}.Debug|Any CPU.ActiveCfg = Debug|Any CPU
		{40BF279D-1A83-49B8-94EF-25E2AD57EF20}.Debug|Any CPU.Build.0 = Debug|Any CPU
		{40BF279D-1A83-49B8-94EF-25E2AD57EF20}.Release|Any CPU.ActiveCfg = Release|Any CPU
		{40BF279D-1A83-49B8-94EF-25E2AD57EF20}.Release|Any CPU.Build.0 = Release|Any CPU
		{0B4FF086-3346-43B9-B39A-016A754FEB64}.Debug|Any CPU.ActiveCfg = Debug|Any CPU
		{0B4FF086-3346-43B9-B39A-016A754FEB64}.Debug|Any CPU.Build.0 = Debug|Any CPU
		{0B4FF086-3346-43B9-B39A-016A754FEB64}.Release|Any CPU.ActiveCfg = Release|Any CPU
		{0B4FF086-3346-43B9-B39A-016A754FEB64}.Release|Any CPU.Build.0 = Release|Any CPU
		{C3EBEB62-F157-4686-9479-4A86E1C51387}.Debug|Any CPU.ActiveCfg = Debug|Any CPU
		{C3EBEB62-F157-4686-9479-4A86E1C51387}.Debug|Any CPU.Build.0 = Debug|Any CPU
		{C3EBEB62-F157-4686-9479-4A86E1C51387}.Release|Any CPU.ActiveCfg = Release|Any CPU
		{C3EBEB62-F157-4686-9479-4A86E1C51387}.Release|Any CPU.Build.0 = Release|Any CPU
		{9958B17F-F648-4E18-8C82-E75D92CAC714}.Debug|Any CPU.ActiveCfg = Debug|Any CPU
		{9958B17F-F648-4E18-8C82-E75D92CAC714}.Debug|Any CPU.Build.0 = Debug|Any CPU
		{9958B17F-F648-4E18-8C82-E75D92CAC714}.Release|Any CPU.ActiveCfg = Release|Any CPU
		{9958B17F-F648-4E18-8C82-E75D92CAC714}.Release|Any CPU.Build.0 = Release|Any CPU
		{F061EFFD-0730-4C26-9F71-1892738B53A0}.Debug|Any CPU.ActiveCfg = Debug|Any CPU
		{F061EFFD-0730-4C26-9F71-1892738B53A0}.Debug|Any CPU.Build.0 = Debug|Any CPU
		{F061EFFD-0730-4C26-9F71-1892738B53A0}.Release|Any CPU.ActiveCfg = Release|Any CPU
		{F061EFFD-0730-4C26-9F71-1892738B53A0}.Release|Any CPU.Build.0 = Release|Any CPU
	EndGlobalSection
	GlobalSection(SolutionProperties) = preSolution
		HideSolutionNode = FALSE
	EndGlobalSection
	GlobalSection(ExtensibilityGlobals) = postSolution
		SolutionGuid = {C1870707-A57A-41A7-83F1-8E14D6C8F297}
	EndGlobalSection
EndGlobal
