
Microsoft Visual Studio Solution File, Format Version 12.00
# Visual Studio 15
VisualStudioVersion = 15.0.26730.16
MinimumVisualStudioVersion = 10.0.40219.1
Project("{FAE04EC0-301F-11D3-BF4B-00C04F79EFBC}") = "test", "test\test.csproj", "{C18C7415-71C2-4932-8763-1664B231EC14}"
EndProject
Project("{FAE04EC0-301F-11D3-BF4B-00C04F79EFBC}") = "01.Day-of-Week", "01.Day-of-Week\01.Day-of-Week.csproj", "{6EBFE0D4-325E-41BC-89B5-22E51AB0B5DA}"
EndProject
Project("{FAE04EC0-301F-11D3-BF4B-00C04F79EFBC}") = "02.Randomize-Words", "02.Randomize-Words\02.Randomize-Words.csproj", "{A93DC24C-7C7B-42D9-A211-1E499B24760E}"
EndProject
Project("{FAE04EC0-301F-11D3-BF4B-00C04F79EFBC}") = "03.Big-Factorial", "03.Big-Factorial\03.Big-Factorial.csproj", "{B7ACAA29-8B46-4719-8874-142894FFF1D3}"
EndProject
Global
	GlobalSection(SolutionConfigurationPlatforms) = preSolution
		Debug|Any CPU = Debug|Any CPU
		Release|Any CPU = Release|Any CPU
	EndGlobalSection
	GlobalSection(ProjectConfigurationPlatforms) = postSolution
		{C18C7415-71C2-4932-8763-1664B231EC14}.Debug|Any CPU.ActiveCfg = Debug|Any CPU
		{C18C7415-71C2-4932-8763-1664B231EC14}.Debug|Any CPU.Build.0 = Debug|Any CPU
		{C18C7415-71C2-4932-8763-1664B231EC14}.Release|Any CPU.ActiveCfg = Release|Any CPU
		{C18C7415-71C2-4932-8763-1664B231EC14}.Release|Any CPU.Build.0 = Release|Any CPU
		{6EBFE0D4-325E-41BC-89B5-22E51AB0B5DA}.Debug|Any CPU.ActiveCfg = Debug|Any CPU
		{6EBFE0D4-325E-41BC-89B5-22E51AB0B5DA}.Debug|Any CPU.Build.0 = Debug|Any CPU
		{6EBFE0D4-325E-41BC-89B5-22E51AB0B5DA}.Release|Any CPU.ActiveCfg = Release|Any CPU
		{6EBFE0D4-325E-41BC-89B5-22E51AB0B5DA}.Release|Any CPU.Build.0 = Release|Any CPU
		{A93DC24C-7C7B-42D9-A211-1E499B24760E}.Debug|Any CPU.ActiveCfg = Debug|Any CPU
		{A93DC24C-7C7B-42D9-A211-1E499B24760E}.Debug|Any CPU.Build.0 = Debug|Any CPU
		{A93DC24C-7C7B-42D9-A211-1E499B24760E}.Release|Any CPU.ActiveCfg = Release|Any CPU
		{A93DC24C-7C7B-42D9-A211-1E499B24760E}.Release|Any CPU.Build.0 = Release|Any CPU
		{B7ACAA29-8B46-4719-8874-142894FFF1D3}.Debug|Any CPU.ActiveCfg = Debug|Any CPU
		{B7ACAA29-8B46-4719-8874-142894FFF1D3}.Debug|Any CPU.Build.0 = Debug|Any CPU
		{B7ACAA29-8B46-4719-8874-142894FFF1D3}.Release|Any CPU.ActiveCfg = Release|Any CPU
		{B7ACAA29-8B46-4719-8874-142894FFF1D3}.Release|Any CPU.Build.0 = Release|Any CPU
	EndGlobalSection
	GlobalSection(SolutionProperties) = preSolution
		HideSolutionNode = FALSE
	EndGlobalSection
	GlobalSection(ExtensibilityGlobals) = postSolution
		SolutionGuid = {B2FB9D6A-238D-45DB-8548-50612E2933A5}
	EndGlobalSection
EndGlobal
