
Microsoft Visual Studio Solution File, Format Version 12.00
# Visual Studio 15
VisualStudioVersion = 15.0.26730.16
MinimumVisualStudioVersion = 10.0.40219.1
Project("{FAE04EC0-301F-11D3-BF4B-00C04F79EFBC}") = "1.-Greeting", "1.-Greeting\1.-Greeting.csproj", "{31C12512-2653-40A1-AD16-F8DE4C69DC94}"
EndProject
Project("{FAE04EC0-301F-11D3-BF4B-00C04F79EFBC}") = "2.-Add-Two-Number", "2.-Add-Two-Number\2.-Add-Two-Number.csproj", "{03DE38AE-8775-4F57-A4AB-12A25EDAD0CD}"
EndProject
Project("{FAE04EC0-301F-11D3-BF4B-00C04F79EFBC}") = "3.-Employee-Data", "3.-Employee-Data\3.-Employee-Data.csproj", "{7E8BA4C5-B73F-4993-8285-770D9E7BA166}"
EndProject
Global
	GlobalSection(SolutionConfigurationPlatforms) = preSolution
		Debug|Any CPU = Debug|Any CPU
		Release|Any CPU = Release|Any CPU
	EndGlobalSection
	GlobalSection(ProjectConfigurationPlatforms) = postSolution
		{31C12512-2653-40A1-AD16-F8DE4C69DC94}.Debug|Any CPU.ActiveCfg = Debug|Any CPU
		{31C12512-2653-40A1-AD16-F8DE4C69DC94}.Debug|Any CPU.Build.0 = Debug|Any CPU
		{31C12512-2653-40A1-AD16-F8DE4C69DC94}.Release|Any CPU.ActiveCfg = Release|Any CPU
		{31C12512-2653-40A1-AD16-F8DE4C69DC94}.Release|Any CPU.Build.0 = Release|Any CPU
		{03DE38AE-8775-4F57-A4AB-12A25EDAD0CD}.Debug|Any CPU.ActiveCfg = Debug|Any CPU
		{03DE38AE-8775-4F57-A4AB-12A25EDAD0CD}.Debug|Any CPU.Build.0 = Debug|Any CPU
		{03DE38AE-8775-4F57-A4AB-12A25EDAD0CD}.Release|Any CPU.ActiveCfg = Release|Any CPU
		{03DE38AE-8775-4F57-A4AB-12A25EDAD0CD}.Release|Any CPU.Build.0 = Release|Any CPU
		{7E8BA4C5-B73F-4993-8285-770D9E7BA166}.Debug|Any CPU.ActiveCfg = Debug|Any CPU
		{7E8BA4C5-B73F-4993-8285-770D9E7BA166}.Debug|Any CPU.Build.0 = Debug|Any CPU
		{7E8BA4C5-B73F-4993-8285-770D9E7BA166}.Release|Any CPU.ActiveCfg = Release|Any CPU
		{7E8BA4C5-B73F-4993-8285-770D9E7BA166}.Release|Any CPU.Build.0 = Release|Any CPU
	EndGlobalSection
	GlobalSection(SolutionProperties) = preSolution
		HideSolutionNode = FALSE
	EndGlobalSection
	GlobalSection(ExtensibilityGlobals) = postSolution
		SolutionGuid = {AA1F6E06-7CD1-41D9-852E-09C49D631E78}
	EndGlobalSection
EndGlobal
